
Microsoft Visual Studio Solution File, Format Version 12.00
# Visual Studio Version 16
VisualStudioVersion = 16.0.30503.244
MinimumVisualStudioVersion = 10.0.40219.1
Project("{FAE04EC0-301F-11D3-BF4B-00C04F79EFBC}") = "RoomLibrary", "RoomLibrary.csproj", "{32718A84-3A0D-4FBF-ADD5-FB1A871798DB}"
EndProject
Global
	GlobalSection(SolutionConfigurationPlatforms) = preSolution
		Debug|Any CPU = Debug|Any CPU
		Release|Any CPU = Release|Any CPU
	EndGlobalSection
	GlobalSection(ProjectConfigurationPlatforms) = postSolution
		{32718A84-3A0D-4FBF-ADD5-FB1A871798DB}.Debug|Any CPU.ActiveCfg = Debug|Any CPU
		{32718A84-3A0D-4FBF-ADD5-FB1A871798DB}.Debug|Any CPU.Build.0 = Debug|Any CPU
		{32718A84-3A0D-4FBF-ADD5-FB1A871798DB}.Release|Any CPU.ActiveCfg = Release|Any CPU
		{32718A84-3A0D-4FBF-ADD5-FB1A871798DB}.Release|Any CPU.Build.0 = Release|Any CPU
	EndGlobalSection
	GlobalSection(SolutionProperties) = preSolution
		HideSolutionNode = FALSE
	EndGlobalSection
	GlobalSection(ExtensibilityGlobals) = postSolution
		SolutionGuid = {D119E96C-3077-4182-B710-4D718A14DCF3}
	EndGlobalSection
EndGlobal
